
Microsoft Visual Studio Solution File, Format Version 12.00
# Visual Studio Version 17
VisualStudioVersion = 17.11.35222.181
MinimumVisualStudioVersion = 10.0.40219.1
Project("{FAE04EC0-301F-11D3-BF4B-00C04F79EFBC}") = "Week13", "Week13\Week13.csproj", "{B0F88BEA-5B92-481F-B000-7D9CCEC4004A}"
EndProject
Global
	GlobalSection(SolutionConfigurationPlatforms) = preSolution
		Debug|Any CPU = Debug|Any CPU
		Release|Any CPU = Release|Any CPU
	EndGlobalSection
	GlobalSection(ProjectConfigurationPlatforms) = postSolution
		{B0F88BEA-5B92-481F-B000-7D9CCEC4004A}.Debug|Any CPU.ActiveCfg = Debug|Any CPU
		{B0F88BEA-5B92-481F-B000-7D9CCEC4004A}.Debug|Any CPU.Build.0 = Debug|Any CPU
		{B0F88BEA-5B92-481F-B000-7D9CCEC4004A}.Release|Any CPU.ActiveCfg = Release|Any CPU
		{B0F88BEA-5B92-481F-B000-7D9CCEC4004A}.Release|Any CPU.Build.0 = Release|Any CPU
	EndGlobalSection
	GlobalSection(SolutionProperties) = preSolution
		HideSolutionNode = FALSE
	EndGlobalSection
	GlobalSection(ExtensibilityGlobals) = postSolution
		SolutionGuid = {D043E702-8B10-43DD-A3C5-6EAC376AD29D}
	EndGlobalSection
EndGlobal
